# THIS IS AN AUTOGENERATED FILE. DO NOT EDIT THIS FILE DIRECTLY.
# yarn lockfile v1


prettier-plugin-jsp@^1.0.13:
  version "1.0.13"
  resolved "https://registry.yarnpkg.com/prettier-plugin-jsp/-/prettier-plugin-jsp-1.0.13.tgz#3d72b359a7bbabe50bf620ec32b72221c79805ac"
  integrity sha512-BA9tgwgUU+MScXRTr8HoHx8nVDsc3KFOWsOaazm9IrVQYk+SQrUKSY9FSfqPlfXtrP5vgFEFWFkafz5hEKF9jQ==
